// !$*UTF8*$!
{
	archiveVersion = 1;
	classes = {
	};
	objectVersion = 56;
	objects = {

/* Begin PBXBuildFile section */
		97F5B2C52D02D31300353DD2 /* AppDelegate.swift in Sources */ = {isa = PBXBuildFile; fileRef = 97F5B2C42D02D31300353DD2 /* AppDelegate.swift */; };
		97F5B2C72D02D31300353DD2 /* SceneDelegate.swift in Sources */ = {isa = PBXBuildFile; fileRef = 97F5B2C62D02D31300353DD2 /* SceneDelegate.swift */; };
		97F5B2C92D02D31300353DD2 /* ViewController.swift in Sources */ = {isa = PBXBuildFile; fileRef = 97F5B2C82D02D31300353DD2 /* ViewController.swift */; };
		97F5B2CC2D02D31300353DD2 /* Base in Resources */ = {isa = PBXBuildFile; fileRef = 97F5B2CB2D02D31300353DD2 /* Base */; };
		97F5B2CF2D02D31300353DD2 /* EasyTodoList.xcdatamodeld in Sources */ = {isa = PBXBuildFile; fileRef = 97F5B2CD2D02D31300353DD2 /* EasyTodoList.xcdatamodeld */; };
		97F5B2D12D02D31400353DD2 /* Assets.xcassets in Resources */ = {isa = PBXBuildFile; fileRef = 97F5B2D02D02D31400353DD2 /* Assets.xcassets */; };
		97F5B2D42D02D31400353DD2 /* Base in Resources */ = {isa = PBXBuildFile; fileRef = 97F5B2D32D02D31400353DD2 /* Base */; };
		97F5B2DF2D02D31400353DD2 /* EasyTodoListTests.swift in Sources */ = {isa = PBXBuildFile; fileRef = 97F5B2DE2D02D31400353DD2 /* EasyTodoListTests.swift */; };
		97F5B2E92D02D31400353DD2 /* EasyTodoListUITests.swift in Sources */ = {isa = PBXBuildFile; fileRef = 97F5B2E82D02D31400353DD2 /* EasyTodoListUITests.swift */; };
		97F5B2EB2D02D31400353DD2 /* EasyTodoListUITestsLaunchTests.swift in Sources */ = {isa = PBXBuildFile; fileRef = 97F5B2EA2D02D31400353DD2 /* EasyTodoListUITestsLaunchTests.swift */; };
		97F5B2FE2D02D51200353DD2 /* TodoItem.swift in Sources */ = {isa = PBXBuildFile; fileRef = 97F5B2FD2D02D51200353DD2 /* TodoItem.swift */; };
		97F5B3002D02DA8100353DD2 /* TodoRepositoryProtocol.swift in Sources */ = {isa = PBXBuildFile; fileRef = 97F5B2FF2D02DA8100353DD2 /* TodoRepositoryProtocol.swift */; };
		97F5B3022D02DBB900353DD2 /* UserDefaultsTodoRepository.swift in Sources */ = {isa = PBXBuildFile; fileRef = 97F5B3012D02DBB900353DD2 /* UserDefaultsTodoRepository.swift */; };
		97F5B3072D02F82C00353DD2 /* TodoViewModel.swift in Sources */ = {isa = PBXBuildFile; fileRef = 97F5B3062D02F82C00353DD2 /* TodoViewModel.swift */; };
		97F5B3092D02FB8A00353DD2 /* TodoViewController.swift in Sources */ = {isa = PBXBuildFile; fileRef = 97F5B3082D02FB8A00353DD2 /* TodoViewController.swift */; };
		97F5B30B2D03176A00353DD2 /* ExtensionsForUILabel.swift in Sources */ = {isa = PBXBuildFile; fileRef = 97F5B30A2D03176A00353DD2 /* ExtensionsForUILabel.swift */; };
/* End PBXBuildFile section */

/* Begin PBXContainerItemProxy section */
		97F5B2DB2D02D31400353DD2 /* PBXContainerItemProxy */ = {
			isa = PBXContainerItemProxy;
			containerPortal = 97F5B2B92D02D31300353DD2 /* Project object */;
			proxyType = 1;
			remoteGlobalIDString = 97F5B2C02D02D31300353DD2;
			remoteInfo = EasyTodoList;
		};
		97F5B2E52D02D31400353DD2 /* PBXContainerItemProxy */ = {
			isa = PBXContainerItemProxy;
			containerPortal = 97F5B2B92D02D31300353DD2 /* Project object */;
			proxyType = 1;
			remoteGlobalIDString = 97F5B2C02D02D31300353DD2;
			remoteInfo = EasyTodoList;
		};
/* End PBXContainerItemProxy section */

/* Begin PBXFileReference section */
		97F5B2C12D02D31300353DD2 /* EasyTodoList.app */ = {isa = PBXFileReference; explicitFileType = wrapper.application; includeInIndex = 0; path = EasyTodoList.app; sourceTree = BUILT_PRODUCTS_DIR; };
		97F5B2C42D02D31300353DD2 /* AppDelegate.swift */ = {isa = PBXFileReference; lastKnownFileType = sourcecode.swift; path = AppDelegate.swift; sourceTree = "<group>"; };
		97F5B2C62D02D31300353DD2 /* SceneDelegate.swift */ = {isa = PBXFileReference; lastKnownFileType = sourcecode.swift; path = SceneDelegate.swift; sourceTree = "<group>"; };
		97F5B2C82D02D31300353DD2 /* ViewController.swift */ = {isa = PBXFileReference; lastKnownFileType = sourcecode.swift; path = ViewController.swift; sourceTree = "<group>"; };
		97F5B2CB2D02D31300353DD2 /* Base */ = {isa = PBXFileReference; lastKnownFileType = file.storyboard; name = Base; path = Base.lproj/Main.storyboard; sourceTree = "<group>"; };
		97F5B2CE2D02D31300353DD2 /* EasyTodoList.xcdatamodel */ = {isa = PBXFileReference; lastKnownFileType = wrapper.xcdatamodel; path = EasyTodoList.xcdatamodel; sourceTree = "<group>"; };
		97F5B2D02D02D31400353DD2 /* Assets.xcassets */ = {isa = PBXFileReference; lastKnownFileType = folder.assetcatalog; path = Assets.xcassets; sourceTree = "<group>"; };
		97F5B2D32D02D31400353DD2 /* Base */ = {isa = PBXFileReference; lastKnownFileType = file.storyboard; name = Base; path = Base.lproj/LaunchScreen.storyboard; sourceTree = "<group>"; };
		97F5B2D52D02D31400353DD2 /* Info.plist */ = {isa = PBXFileReference; lastKnownFileType = text.plist.xml; path = Info.plist; sourceTree = "<group>"; };
		97F5B2DA2D02D31400353DD2 /* EasyTodoListTests.xctest */ = {isa = PBXFileReference; explicitFileType = wrapper.cfbundle; includeInIndex = 0; path = EasyTodoListTests.xctest; sourceTree = BUILT_PRODUCTS_DIR; };
		97F5B2DE2D02D31400353DD2 /* EasyTodoListTests.swift */ = {isa = PBXFileReference; lastKnownFileType = sourcecode.swift; path = EasyTodoListTests.swift; sourceTree = "<group>"; };
		97F5B2E42D02D31400353DD2 /* EasyTodoListUITests.xctest */ = {isa = PBXFileReference; explicitFileType = wrapper.cfbundle; includeInIndex = 0; path = EasyTodoListUITests.xctest; sourceTree = BUILT_PRODUCTS_DIR; };
		97F5B2E82D02D31400353DD2 /* EasyTodoListUITests.swift */ = {isa = PBXFileReference; lastKnownFileType = sourcecode.swift; path = EasyTodoListUITests.swift; sourceTree = "<group>"; };
		97F5B2EA2D02D31400353DD2 /* EasyTodoListUITestsLaunchTests.swift */ = {isa = PBXFileReference; lastKnownFileType = sourcecode.swift; path = EasyTodoListUITestsLaunchTests.swift; sourceTree = "<group>"; };
		97F5B2FD2D02D51200353DD2 /* TodoItem.swift */ = {isa = PBXFileReference; lastKnownFileType = sourcecode.swift; path = TodoItem.swift; sourceTree = "<group>"; };
		97F5B2FF2D02DA8100353DD2 /* TodoRepositoryProtocol.swift */ = {isa = PBXFileReference; lastKnownFileType = sourcecode.swift; path = TodoRepositoryProtocol.swift; sourceTree = "<group>"; };
		97F5B3012D02DBB900353DD2 /* UserDefaultsTodoRepository.swift */ = {isa = PBXFileReference; lastKnownFileType = sourcecode.swift; path = UserDefaultsTodoRepository.swift; sourceTree = "<group>"; };
		97F5B3062D02F82C00353DD2 /* TodoViewModel.swift */ = {isa = PBXFileReference; lastKnownFileType = sourcecode.swift; path = TodoViewModel.swift; sourceTree = "<group>"; };
		97F5B3082D02FB8A00353DD2 /* TodoViewController.swift */ = {isa = PBXFileReference; lastKnownFileType = sourcecode.swift; path = TodoViewController.swift; sourceTree = "<group>"; };
		97F5B30A2D03176A00353DD2 /* ExtensionsForUILabel.swift */ = {isa = PBXFileReference; lastKnownFileType = sourcecode.swift; path = ExtensionsForUILabel.swift; sourceTree = "<group>"; };
/* End PBXFileReference section */

/* Begin PBXFrameworksBuildPhase section */
		97F5B2BE2D02D31300353DD2 /* Frameworks */ = {
			isa = PBXFrameworksBuildPhase;
			buildActionMask = 2147483647;
			files = (
			);
			runOnlyForDeploymentPostprocessing = 0;
		};
		97F5B2D72D02D31400353DD2 /* Frameworks */ = {
			isa = PBXFrameworksBuildPhase;
			buildActionMask = 2147483647;
			files = (
			);
			runOnlyForDeploymentPostprocessing = 0;
		};
		97F5B2E12D02D31400353DD2 /* Frameworks */ = {
			isa = PBXFrameworksBuildPhase;
			buildActionMask = 2147483647;
			files = (
			);
			runOnlyForDeploymentPostprocessing = 0;
		};
/* End PBXFrameworksBuildPhase section */

/* Begin PBXGroup section */
		97F5B2B82D02D31300353DD2 = {
			isa = PBXGroup;
			children = (
				97F5B2C32D02D31300353DD2 /* EasyTodoList */,
				97F5B2DD2D02D31400353DD2 /* EasyTodoListTests */,
				97F5B2E72D02D31400353DD2 /* EasyTodoListUITests */,
				97F5B2C22D02D31300353DD2 /* Products */,
			);
			sourceTree = "<group>";
		};
		97F5B2C22D02D31300353DD2 /* Products */ = {
			isa = PBXGroup;
			children = (
				97F5B2C12D02D31300353DD2 /* EasyTodoList.app */,
				97F5B2DA2D02D31400353DD2 /* EasyTodoListTests.xctest */,
				97F5B2E42D02D31400353DD2 /* EasyTodoListUITests.xctest */,
			);
			name = Products;
			sourceTree = "<group>";
		};
		97F5B2C32D02D31300353DD2 /* EasyTodoList */ = {
			isa = PBXGroup;
			children = (
				97F5B3032D02DBC000353DD2 /* Support Files */,
				97F5B2FB2D02D38900353DD2 /* Resourses */,
				97F5B2FA2D02D37D00353DD2 /* Storyboards */,
				97F5B2F92D02D36E00353DD2 /* App Delgates */,
				97F5B2F82D02D36400353DD2 /* Protocols */,
				97F5B2F72D02D35C00353DD2 /* Models */,
				97F5B3042D02F7F100353DD2 /* ViewModel */,
				97F5B3052D02F80100353DD2 /* View */,
				97F5B2FC2D02D39F00353DD2 /* Controllers */,
				97F5B2D52D02D31400353DD2 /* Info.plist */,
				97F5B2CD2D02D31300353DD2 /* EasyTodoList.xcdatamodeld */,
			);
			path = EasyTodoList;
			sourceTree = "<group>";
		};
		97F5B2DD2D02D31400353DD2 /* EasyTodoListTests */ = {
			isa = PBXGroup;
			children = (
				97F5B2DE2D02D31400353DD2 /* EasyTodoListTests.swift */,
			);
			path = EasyTodoListTests;
			sourceTree = "<group>";
		};
		97F5B2E72D02D31400353DD2 /* EasyTodoListUITests */ = {
			isa = PBXGroup;
			children = (
				97F5B2E82D02D31400353DD2 /* EasyTodoListUITests.swift */,
				97F5B2EA2D02D31400353DD2 /* EasyTodoListUITestsLaunchTests.swift */,
			);
			path = EasyTodoListUITests;
			sourceTree = "<group>";
		};
		97F5B2F72D02D35C00353DD2 /* Models */ = {
			isa = PBXGroup;
			children = (
				97F5B2FD2D02D51200353DD2 /* TodoItem.swift */,
			);
			path = Models;
			sourceTree = "<group>";
		};
		97F5B2F82D02D36400353DD2 /* Protocols */ = {
			isa = PBXGroup;
			children = (
				97F5B2FF2D02DA8100353DD2 /* TodoRepositoryProtocol.swift */,
			);
			path = Protocols;
			sourceTree = "<group>";
		};
		97F5B2F92D02D36E00353DD2 /* App Delgates */ = {
			isa = PBXGroup;
			children = (
				97F5B2C42D02D31300353DD2 /* AppDelegate.swift */,
				97F5B2C62D02D31300353DD2 /* SceneDelegate.swift */,
			);
			path = "App Delgates";
			sourceTree = "<group>";
		};
		97F5B2FA2D02D37D00353DD2 /* Storyboards */ = {
			isa = PBXGroup;
			children = (
				97F5B2CA2D02D31300353DD2 /* Main.storyboard */,
				97F5B2D22D02D31400353DD2 /* LaunchScreen.storyboard */,
			);
			path = Storyboards;
			sourceTree = "<group>";
		};
		97F5B2FB2D02D38900353DD2 /* Resourses */ = {
			isa = PBXGroup;
			children = (
				97F5B2D02D02D31400353DD2 /* Assets.xcassets */,
			);
			path = Resourses;
			sourceTree = "<group>";
		};
		97F5B2FC2D02D39F00353DD2 /* Controllers */ = {
			isa = PBXGroup;
			children = (
				97F5B2C82D02D31300353DD2 /* ViewController.swift */,
				97F5B3082D02FB8A00353DD2 /* TodoViewController.swift */,
			);
			path = Controllers;
			sourceTree = "<group>";
		};
		97F5B3032D02DBC000353DD2 /* Support Files */ = {
			isa = PBXGroup;
			children = (
				97F5B3012D02DBB900353DD2 /* UserDefaultsTodoRepository.swift */,
				97F5B30A2D03176A00353DD2 /* ExtensionsForUILabel.swift */,
			);
			path = "Support Files";
			sourceTree = "<group>";
		};
		97F5B3042D02F7F100353DD2 /* ViewModel */ = {
			isa = PBXGroup;
			children = (
				97F5B3062D02F82C00353DD2 /* TodoViewModel.swift */,
			);
			path = ViewModel;
			sourceTree = "<group>";
		};
		97F5B3052D02F80100353DD2 /* View */ = {
			isa = PBXGroup;
			children = (
			);
			path = View;
			sourceTree = "<group>";
		};
/* End PBXGroup section */

/* Begin PBXNativeTarget section */
		97F5B2C02D02D31300353DD2 /* EasyTodoList */ = {
			isa = PBXNativeTarget;
			buildConfigurationList = 97F5B2EE2D02D31400353DD2 /* Build configuration list for PBXNativeTarget "EasyTodoList" */;
			buildPhases = (
				97F5B2BD2D02D31300353DD2 /* Sources */,
				97F5B2BE2D02D31300353DD2 /* Frameworks */,
				97F5B2BF2D02D31300353DD2 /* Resources */,
			);
			buildRules = (
			);
			dependencies = (
			);
			name = EasyTodoList;
			productName = EasyTodoList;
			productReference = 97F5B2C12D02D31300353DD2 /* EasyTodoList.app */;
			productType = "com.apple.product-type.application";
		};
		97F5B2D92D02D31400353DD2 /* EasyTodoListTests */ = {
			isa = PBXNativeTarget;
			buildConfigurationList = 97F5B2F12D02D31400353DD2 /* Build configuration list for PBXNativeTarget "EasyTodoListTests" */;
			buildPhases = (
				97F5B2D62D02D31400353DD2 /* Sources */,
				97F5B2D72D02D31400353DD2 /* Frameworks */,
				97F5B2D82D02D31400353DD2 /* Resources */,
			);
			buildRules = (
			);
			dependencies = (
				97F5B2DC2D02D31400353DD2 /* PBXTargetDependency */,
			);
			name = EasyTodoListTests;
			productName = EasyTodoListTests;
			productReference = 97F5B2DA2D02D31400353DD2 /* EasyTodoListTests.xctest */;
			productType = "com.apple.product-type.bundle.unit-test";
		};
		97F5B2E32D02D31400353DD2 /* EasyTodoListUITests */ = {
			isa = PBXNativeTarget;
			buildConfigurationList = 97F5B2F42D02D31400353DD2 /* Build configuration list for PBXNativeTarget "EasyTodoListUITests" */;
			buildPhases = (
				97F5B2E02D02D31400353DD2 /* Sources */,
				97F5B2E12D02D31400353DD2 /* Frameworks */,
				97F5B2E22D02D31400353DD2 /* Resources */,
			);
			buildRules = (
			);
			dependencies = (
				97F5B2E62D02D31400353DD2 /* PBXTargetDependency */,
			);
			name = EasyTodoListUITests;
			productName = EasyTodoListUITests;
			productReference = 97F5B2E42D02D31400353DD2 /* EasyTodoListUITests.xctest */;
			productType = "com.apple.product-type.bundle.ui-testing";
		};
/* End PBXNativeTarget section */

/* Begin PBXProject section */
		97F5B2B92D02D31300353DD2 /* Project object */ = {
			isa = PBXProject;
			attributes = {
				BuildIndependentTargetsInParallel = 1;
				LastSwiftUpdateCheck = 1540;
				LastUpgradeCheck = 1540;
				TargetAttributes = {
					97F5B2C02D02D31300353DD2 = {
						CreatedOnToolsVersion = 15.4;
					};
					97F5B2D92D02D31400353DD2 = {
						CreatedOnToolsVersion = 15.4;
						TestTargetID = 97F5B2C02D02D31300353DD2;
					};
					97F5B2E32D02D31400353DD2 = {
						CreatedOnToolsVersion = 15.4;
						TestTargetID = 97F5B2C02D02D31300353DD2;
					};
				};
			};
			buildConfigurationList = 97F5B2BC2D02D31300353DD2 /* Build configuration list for PBXProject "EasyTodoList" */;
			compatibilityVersion = "Xcode 14.0";
			developmentRegion = en;
			hasScannedForEncodings = 0;
			knownRegions = (
				en,
				Base,
			);
			mainGroup = 97F5B2B82D02D31300353DD2;
			productRefGroup = 97F5B2C22D02D31300353DD2 /* Products */;
			projectDirPath = "";
			projectRoot = "";
			targets = (
				97F5B2C02D02D31300353DD2 /* EasyTodoList */,
				97F5B2D92D02D31400353DD2 /* EasyTodoListTests */,
				97F5B2E32D02D31400353DD2 /* EasyTodoListUITests */,
			);
		};
/* End PBXProject section */

/* Begin PBXResourcesBuildPhase section */
		97F5B2BF2D02D31300353DD2 /* Resources */ = {
			isa = PBXResourcesBuildPhase;
			buildActionMask = 2147483647;
			files = (
				97F5B2D12D02D31400353DD2 /* Assets.xcassets in Resources */,
				97F5B2D42D02D31400353DD2 /* Base in Resources */,
				97F5B2CC2D02D31300353DD2 /* Base in Resources */,
			);
			runOnlyForDeploymentPostprocessing = 0;
		};
		97F5B2D82D02D31400353DD2 /* Resources */ = {
			isa = PBXResourcesBuildPhase;
			buildActionMask = 2147483647;
			files = (
			);
			runOnlyForDeploymentPostprocessing = 0;
		};
		97F5B2E22D02D31400353DD2 /* Resources */ = {
			isa = PBXResourcesBuildPhase;
			buildActionMask = 2147483647;
			files = (
			);
			runOnlyForDeploymentPostprocessing = 0;
		};
/* End PBXResourcesBuildPhase section */

/* Begin PBXSourcesBuildPhase section */
		97F5B2BD2D02D31300353DD2 /* Sources */ = {
			isa = PBXSourcesBuildPhase;
			buildActionMask = 2147483647;
			files = (
				97F5B3072D02F82C00353DD2 /* TodoViewModel.swift in Sources */,
				97F5B3092D02FB8A00353DD2 /* TodoViewController.swift in Sources */,
				97F5B30B2D03176A00353DD2 /* ExtensionsForUILabel.swift in Sources */,
				97F5B2FE2D02D51200353DD2 /* TodoItem.swift in Sources */,
				97F5B2C92D02D31300353DD2 /* ViewController.swift in Sources */,
				97F5B2CF2D02D31300353DD2 /* EasyTodoList.xcdatamodeld in Sources */,
				97F5B3002D02DA8100353DD2 /* TodoRepositoryProtocol.swift in Sources */,
				97F5B2C52D02D31300353DD2 /* AppDelegate.swift in Sources */,
				97F5B3022D02DBB900353DD2 /* UserDefaultsTodoRepository.swift in Sources */,
				97F5B2C72D02D31300353DD2 /* SceneDelegate.swift in Sources */,
			);
			runOnlyForDeploymentPostprocessing = 0;
		};
		97F5B2D62D02D31400353DD2 /* Sources */ = {
			isa = PBXSourcesBuildPhase;
			buildActionMask = 2147483647;
			files = (
				97F5B2DF2D02D31400353DD2 /* EasyTodoListTests.swift in Sources */,
			);
			runOnlyForDeploymentPostprocessing = 0;
		};
		97F5B2E02D02D31400353DD2 /* Sources */ = {
			isa = PBXSourcesBuildPhase;
			buildActionMask = 2147483647;
			files = (
				97F5B2EB2D02D31400353DD2 /* EasyTodoListUITestsLaunchTests.swift in Sources */,
				97F5B2E92D02D31400353DD2 /* EasyTodoListUITests.swift in Sources */,
			);
			runOnlyForDeploymentPostprocessing = 0;
		};
/* End PBXSourcesBuildPhase section */

/* Begin PBXTargetDependency section */
		97F5B2DC2D02D31400353DD2 /* PBXTargetDependency */ = {
			isa = PBXTargetDependency;
			target = 97F5B2C02D02D31300353DD2 /* EasyTodoList */;
			targetProxy = 97F5B2DB2D02D31400353DD2 /* PBXContainerItemProxy */;
		};
		97F5B2E62D02D31400353DD2 /* PBXTargetDependency */ = {
			isa = PBXTargetDependency;
			target = 97F5B2C02D02D31300353DD2 /* EasyTodoList */;
			targetProxy = 97F5B2E52D02D31400353DD2 /* PBXContainerItemProxy */;
		};
/* End PBXTargetDependency section */

/* Begin PBXVariantGroup section */
		97F5B2CA2D02D31300353DD2 /* Main.storyboard */ = {
			isa = PBXVariantGroup;
			children = (
				97F5B2CB2D02D31300353DD2 /* Base */,
			);
			name = Main.storyboard;
			sourceTree = "<group>";
		};
		97F5B2D22D02D31400353DD2 /* LaunchScreen.storyboard */ = {
			isa = PBXVariantGroup;
			children = (
				97F5B2D32D02D31400353DD2 /* Base */,
			);
			name = LaunchScreen.storyboard;
			sourceTree = "<group>";
		};
/* End PBXVariantGroup section */

/* Begin XCBuildConfiguration section */
		97F5B2EC2D02D31400353DD2 /* Debug */ = {
			isa = XCBuildConfiguration;
			buildSettings = {
				ALWAYS_SEARCH_USER_PATHS = NO;
				ASSETCATALOG_COMPILER_GENERATE_SWIFT_ASSET_SYMBOL_EXTENSIONS = YES;
				CLANG_ANALYZER_NONNULL = YES;
				CLANG_ANALYZER_NUMBER_OBJECT_CONVERSION = YES_AGGRESSIVE;
				CLANG_CXX_LANGUAGE_STANDARD = "gnu++20";
				CLANG_ENABLE_MODULES = YES;
				CLANG_ENABLE_OBJC_ARC = YES;
				CLANG_ENABLE_OBJC_WEAK = YES;
				CLANG_WARN_BLOCK_CAPTURE_AUTORELEASING = YES;
				CLANG_WARN_BOOL_CONVERSION = YES;
				CLANG_WARN_COMMA = YES;
				CLANG_WARN_CONSTANT_CONVERSION = YES;
				CLANG_WARN_DEPRECATED_OBJC_IMPLEMENTATIONS = YES;
				CLANG_WARN_DIRECT_OBJC_ISA_USAGE = YES_ERROR;
				CLANG_WARN_DOCUMENTATION_COMMENTS = YES;
				CLANG_WARN_EMPTY_BODY = YES;
				CLANG_WARN_ENUM_CONVERSION = YES;
				CLANG_WARN_INFINITE_RECURSION = YES;
				CLANG_WARN_INT_CONVERSION = YES;
				CLANG_WARN_NON_LITERAL_NULL_CONVERSION = YES;
				CLANG_WARN_OBJC_IMPLICIT_RETAIN_SELF = YES;
				CLANG_WARN_OBJC_LITERAL_CONVERSION = YES;
				CLANG_WARN_OBJC_ROOT_CLASS = YES_ERROR;
				CLANG_WARN_QUOTED_INCLUDE_IN_FRAMEWORK_HEADER = YES;
				CLANG_WARN_RANGE_LOOP_ANALYSIS = YES;
				CLANG_WARN_STRICT_PROTOTYPES = YES;
				CLANG_WARN_SUSPICIOUS_MOVE = YES;
				CLANG_WARN_UNGUARDED_AVAILABILITY = YES_AGGRESSIVE;
				CLANG_WARN_UNREACHABLE_CODE = YES;
				CLANG_WARN__DUPLICATE_METHOD_MATCH = YES;
				COPY_PHASE_STRIP = NO;
				DEBUG_INFORMATION_FORMAT = dwarf;
				ENABLE_STRICT_OBJC_MSGSEND = YES;
				ENABLE_TESTABILITY = YES;
				ENABLE_USER_SCRIPT_SANDBOXING = YES;
				GCC_C_LANGUAGE_STANDARD = gnu17;
				GCC_DYNAMIC_NO_PIC = NO;
				GCC_NO_COMMON_BLOCKS = YES;
				GCC_OPTIMIZATION_LEVEL = 0;
				GCC_PREPROCESSOR_DEFINITIONS = (
					"DEBUG=1",
					"$(inherited)",
				);
				GCC_WARN_64_TO_32_BIT_CONVERSION = YES;
				GCC_WARN_ABOUT_RETURN_TYPE = YES_ERROR;
				GCC_WARN_UNDECLARED_SELECTOR = YES;
				GCC_WARN_UNINITIALIZED_AUTOS = YES_AGGRESSIVE;
				GCC_WARN_UNUSED_FUNCTION = YES;
				GCC_WARN_UNUSED_VARIABLE = YES;
				IPHONEOS_DEPLOYMENT_TARGET = 17.5;
				LOCALIZATION_PREFERS_STRING_CATALOGS = YES;
				MTL_ENABLE_DEBUG_INFO = INCLUDE_SOURCE;
				MTL_FAST_MATH = YES;
				ONLY_ACTIVE_ARCH = YES;
				SDKROOT = iphoneos;
				SWIFT_ACTIVE_COMPILATION_CONDITIONS = "DEBUG $(inherited)";
				SWIFT_OPTIMIZATION_LEVEL = "-Onone";
			};
			name = Debug;
		};
		97F5B2ED2D02D31400353DD2 /* Release */ = {
			isa = XCBuildConfiguration;
			buildSettings = {
				ALWAYS_SEARCH_USER_PATHS = NO;
				ASSETCATALOG_COMPILER_GENERATE_SWIFT_ASSET_SYMBOL_EXTENSIONS = YES;
				CLANG_ANALYZER_NONNULL = YES;
				CLANG_ANALYZER_NUMBER_OBJECT_CONVERSION = YES_AGGRESSIVE;
				CLANG_CXX_LANGUAGE_STANDARD = "gnu++20";
				CLANG_ENABLE_MODULES = YES;
				CLANG_ENABLE_OBJC_ARC = YES;
				CLANG_ENABLE_OBJC_WEAK = YES;
				CLANG_WARN_BLOCK_CAPTURE_AUTORELEASING = YES;
				CLANG_WARN_BOOL_CONVERSION = YES;
				CLANG_WARN_COMMA = YES;
				CLANG_WARN_CONSTANT_CONVERSION = YES;
				CLANG_WARN_DEPRECATED_OBJC_IMPLEMENTATIONS = YES;
				CLANG_WARN_DIRECT_OBJC_ISA_USAGE = YES_ERROR;
				CLANG_WARN_DOCUMENTATION_COMMENTS = YES;
				CLANG_WARN_EMPTY_BODY = YES;
				CLANG_WARN_ENUM_CONVERSION = YES;
				CLANG_WARN_INFINITE_RECURSION = YES;
				CLANG_WARN_INT_CONVERSION = YES;
				CLANG_WARN_NON_LITERAL_NULL_CONVERSION = YES;
				CLANG_WARN_OBJC_IMPLICIT_RETAIN_SELF = YES;
				CLANG_WARN_OBJC_LITERAL_CONVERSION = YES;
				CLANG_WARN_OBJC_ROOT_CLASS = YES_ERROR;
				CLANG_WARN_QUOTED_INCLUDE_IN_FRAMEWORK_HEADER = YES;
				CLANG_WARN_RANGE_LOOP_ANALYSIS = YES;
				CLANG_WARN_STRICT_PROTOTYPES = YES;
				CLANG_WARN_SUSPICIOUS_MOVE = YES;
				CLANG_WARN_UNGUARDED_AVAILABILITY = YES_AGGRESSIVE;
				CLANG_WARN_UNREACHABLE_CODE = YES;
				CLANG_WARN__DUPLICATE_METHOD_MATCH = YES;
				COPY_PHASE_STRIP = NO;
				DEBUG_INFORMATION_FORMAT = "dwarf-with-dsym";
				ENABLE_NS_ASSERTIONS = NO;
				ENABLE_STRICT_OBJC_MSGSEND = YES;
				ENABLE_USER_SCRIPT_SANDBOXING = YES;
				GCC_C_LANGUAGE_STANDARD = gnu17;
				GCC_NO_COMMON_BLOCKS = YES;
				GCC_WARN_64_TO_32_BIT_CONVERSION = YES;
				GCC_WARN_ABOUT_RETURN_TYPE = YES_ERROR;
				GCC_WARN_UNDECLARED_SELECTOR = YES;
				GCC_WARN_UNINITIALIZED_AUTOS = YES_AGGRESSIVE;
				GCC_WARN_UNUSED_FUNCTION = YES;
				GCC_WARN_UNUSED_VARIABLE = YES;
				IPHONEOS_DEPLOYMENT_TARGET = 17.5;
				LOCALIZATION_PREFERS_STRING_CATALOGS = YES;
				MTL_ENABLE_DEBUG_INFO = NO;
				MTL_FAST_MATH = YES;
				SDKROOT = iphoneos;
				SWIFT_COMPILATION_MODE = wholemodule;
				VALIDATE_PRODUCT = YES;
			};
			name = Release;
		};
		97F5B2EF2D02D31400353DD2 /* Debug */ = {
			isa = XCBuildConfiguration;
			buildSettings = {
				ASSETCATALOG_COMPILER_APPICON_NAME = AppIcon;
				ASSETCATALOG_COMPILER_GLOBAL_ACCENT_COLOR_NAME = AccentColor;
				CODE_SIGN_STYLE = Automatic;
				CURRENT_PROJECT_VERSION = 1;
				GENERATE_INFOPLIST_FILE = YES;
				INFOPLIST_FILE = EasyTodoList/Info.plist;
				INFOPLIST_KEY_UIApplicationSupportsIndirectInputEvents = YES;
				INFOPLIST_KEY_UILaunchStoryboardName = LaunchScreen;
				INFOPLIST_KEY_UIMainStoryboardFile = Main;
				INFOPLIST_KEY_UISupportedInterfaceOrientations_iPad = "UIInterfaceOrientationPortrait UIInterfaceOrientationPortraitUpsideDown UIInterfaceOrientationLandscapeLeft UIInterfaceOrientationLandscapeRight";
				INFOPLIST_KEY_UISupportedInterfaceOrientations_iPhone = "UIInterfaceOrientationPortrait UIInterfaceOrientationLandscapeLeft UIInterfaceOrientationLandscapeRight";
				LD_RUNPATH_SEARCH_PATHS = (
					"$(inherited)",
					"@executable_path/Frameworks",
				);
				MARKETING_VERSION = 1.0;
				PRODUCT_BUNDLE_IDENTIFIER = com.LoginSignUpWithFirebaseAuth.EasyTodoList;
				PRODUCT_NAME = "$(TARGET_NAME)";
				SWIFT_EMIT_LOC_STRINGS = YES;
				SWIFT_VERSION = 5.0;
				TARGETED_DEVICE_FAMILY = "1,2";
			};
			name = Debug;
		};
		97F5B2F02D02D31400353DD2 /* Release */ = {
			isa = XCBuildConfiguration;
			buildSettings = {
				ASSETCATALOG_COMPILER_APPICON_NAME = AppIcon;
				ASSETCATALOG_COMPILER_GLOBAL_ACCENT_COLOR_NAME = AccentColor;
				CODE_SIGN_STYLE = Automatic;
				CURRENT_PROJECT_VERSION = 1;
				GENERATE_INFOPLIST_FILE = YES;
				INFOPLIST_FILE = EasyTodoList/Info.plist;
				INFOPLIST_KEY_UIApplicationSupportsIndirectInputEvents = YES;
				INFOPLIST_KEY_UILaunchStoryboardName = LaunchScreen;
				INFOPLIST_KEY_UIMainStoryboardFile = Main;
				INFOPLIST_KEY_UISupportedInterfaceOrientations_iPad = "UIInterfaceOrientationPortrait UIInterfaceOrientationPortraitUpsideDown UIInterfaceOrientationLandscapeLeft UIInterfaceOrientationLandscapeRight";
				INFOPLIST_KEY_UISupportedInterfaceOrientations_iPhone = "UIInterfaceOrientationPortrait UIInterfaceOrientationLandscapeLeft UIInterfaceOrientationLandscapeRight";
				LD_RUNPATH_SEARCH_PATHS = (
					"$(inherited)",
					"@executable_path/Frameworks",
				);
				MARKETING_VERSION = 1.0;
				PRODUCT_BUNDLE_IDENTIFIER = com.LoginSignUpWithFirebaseAuth.EasyTodoList;
				PRODUCT_NAME = "$(TARGET_NAME)";
				SWIFT_EMIT_LOC_STRINGS = YES;
				SWIFT_VERSION = 5.0;
				TARGETED_DEVICE_FAMILY = "1,2";
			};
			name = Release;
		};
		97F5B2F22D02D31400353DD2 /* Debug */ = {
			isa = XCBuildConfiguration;
			buildSettings = {
				ALWAYS_EMBED_SWIFT_STANDARD_LIBRARIES = YES;
				BUNDLE_LOADER = "$(TEST_HOST)";
				CODE_SIGN_STYLE = Automatic;
				CURRENT_PROJECT_VERSION = 1;
				GENERATE_INFOPLIST_FILE = YES;
				IPHONEOS_DEPLOYMENT_TARGET = 17.5;
				MARKETING_VERSION = 1.0;
				PRODUCT_BUNDLE_IDENTIFIER = com.LoginSignUpWithFirebaseAuth.EasyTodoListTests;
				PRODUCT_NAME = "$(TARGET_NAME)";
				SWIFT_EMIT_LOC_STRINGS = NO;
				SWIFT_VERSION = 5.0;
				TARGETED_DEVICE_FAMILY = "1,2";
				TEST_HOST = "$(BUILT_PRODUCTS_DIR)/EasyTodoList.app/$(BUNDLE_EXECUTABLE_FOLDER_PATH)/EasyTodoList";
			};
			name = Debug;
		};
		97F5B2F32D02D31400353DD2 /* Release */ = {
			isa = XCBuildConfiguration;
			buildSettings = {
				ALWAYS_EMBED_SWIFT_STANDARD_LIBRARIES = YES;
				BUNDLE_LOADER = "$(TEST_HOST)";
				CODE_SIGN_STYLE = Automatic;
				CURRENT_PROJECT_VERSION = 1;
				GENERATE_INFOPLIST_FILE = YES;
				IPHONEOS_DEPLOYMENT_TARGET = 17.5;
				MARKETING_VERSION = 1.0;
				PRODUCT_BUNDLE_IDENTIFIER = com.LoginSignUpWithFirebaseAuth.EasyTodoListTests;
				PRODUCT_NAME = "$(TARGET_NAME)";
				SWIFT_EMIT_LOC_STRINGS = NO;
				SWIFT_VERSION = 5.0;
				TARGETED_DEVICE_FAMILY = "1,2";
				TEST_HOST = "$(BUILT_PRODUCTS_DIR)/EasyTodoList.app/$(BUNDLE_EXECUTABLE_FOLDER_PATH)/EasyTodoList";
			};
			name = Release;
		};
		97F5B2F52D02D31400353DD2 /* Debug */ = {
			isa = XCBuildConfiguration;
			buildSettings = {
				ALWAYS_EMBED_SWIFT_STANDARD_LIBRARIES = YES;
				CODE_SIGN_STYLE = Automatic;
				CURRENT_PROJECT_VERSION = 1;
				GENERATE_INFOPLIST_FILE = YES;
				MARKETING_VERSION = 1.0;
				PRODUCT_BUNDLE_IDENTIFIER = com.LoginSignUpWithFirebaseAuth.EasyTodoListUITests;
				PRODUCT_NAME = "$(TARGET_NAME)";
				SWIFT_EMIT_LOC_STRINGS = NO;
				SWIFT_VERSION = 5.0;
				TARGETED_DEVICE_FAMILY = "1,2";
				TEST_TARGET_NAME = EasyTodoList;
			};
			name = Debug;
		};
		97F5B2F62D02D31400353DD2 /* Release */ = {
			isa = XCBuildConfiguration;
			buildSettings = {
				ALWAYS_EMBED_SWIFT_STANDARD_LIBRARIES = YES;
				CODE_SIGN_STYLE = Automatic;
				CURRENT_PROJECT_VERSION = 1;
				GENERATE_INFOPLIST_FILE = YES;
				MARKETING_VERSION = 1.0;
				PRODUCT_BUNDLE_IDENTIFIER = com.LoginSignUpWithFirebaseAuth.EasyTodoListUITests;
				PRODUCT_NAME = "$(TARGET_NAME)";
				SWIFT_EMIT_LOC_STRINGS = NO;
				SWIFT_VERSION = 5.0;
				TARGETED_DEVICE_FAMILY = "1,2";
				TEST_TARGET_NAME = EasyTodoList;
			};
			name = Release;
		};
/* End XCBuildConfiguration section */

/* Begin XCConfigurationList section */
		97F5B2BC2D02D31300353DD2 /* Build configuration list for PBXProject "EasyTodoList" */ = {
			isa = XCConfigurationList;
			buildConfigurations = (
				97F5B2EC2D02D31400353DD2 /* Debug */,
				97F5B2ED2D02D31400353DD2 /* Release */,
			);
			defaultConfigurationIsVisible = 0;
			defaultConfigurationName = Release;
		};
		97F5B2EE2D02D31400353DD2 /* Build configuration list for PBXNativeTarget "EasyTodoList" */ = {
			isa = XCConfigurationList;
			buildConfigurations = (
				97F5B2EF2D02D31400353DD2 /* Debug */,
				97F5B2F02D02D31400353DD2 /* Release */,
			);
			defaultConfigurationIsVisible = 0;
			defaultConfigurationName = Release;
		};
		97F5B2F12D02D31400353DD2 /* Build configuration list for PBXNativeTarget "EasyTodoListTests" */ = {
			isa = XCConfigurationList;
			buildConfigurations = (
				97F5B2F22D02D31400353DD2 /* Debug */,
				97F5B2F32D02D31400353DD2 /* Release */,
			);
			defaultConfigurationIsVisible = 0;
			defaultConfigurationName = Release;
		};
		97F5B2F42D02D31400353DD2 /* Build configuration list for PBXNativeTarget "EasyTodoListUITests" */ = {
			isa = XCConfigurationList;
			buildConfigurations = (
				97F5B2F52D02D31400353DD2 /* Debug */,
				97F5B2F62D02D31400353DD2 /* Release */,
			);
			defaultConfigurationIsVisible = 0;
			defaultConfigurationName = Release;
		};
/* End XCConfigurationList section */

/* Begin XCVersionGroup section */
		97F5B2CD2D02D31300353DD2 /* EasyTodoList.xcdatamodeld */ = {
			isa = XCVersionGroup;
			children = (
				97F5B2CE2D02D31300353DD2 /* EasyTodoList.xcdatamodel */,
			);
			currentVersion = 97F5B2CE2D02D31300353DD2 /* EasyTodoList.xcdatamodel */;
			path = EasyTodoList.xcdatamodeld;
			sourceTree = "<group>";
			versionGroupType = wrapper.xcdatamodel;
		};
/* End XCVersionGroup section */
	};
	rootObject = 97F5B2B92D02D31300353DD2 /* Project object */;
}
